// !$*UTF8*$!
{
	archiveVersion = 1;
	classes = {
	};
	objectVersion = 56;
	objects = {

/* Begin PBXBuildFile section */
		AD024B5C2B7F430B00785B6E /* AppDelegate.swift in Sources */ = {isa = PBXBuildFile; fileRef = AD024B5B2B7F430B00785B6E /* AppDelegate.swift */; };
		AD024B5E2B7F430B00785B6E /* SceneDelegate.swift in Sources */ = {isa = PBXBuildFile; fileRef = AD024B5D2B7F430B00785B6E /* SceneDelegate.swift */; };
		AD024B602B7F430B00785B6E /* MainScreenViewController.swift in Sources */ = {isa = PBXBuildFile; fileRef = AD024B5F2B7F430B00785B6E /* MainScreenViewController.swift */; };
		AD024B652B7F430C00785B6E /* Assets.xcassets in Resources */ = {isa = PBXBuildFile; fileRef = AD024B642B7F430C00785B6E /* Assets.xcassets */; };
		AD024B682B7F430C00785B6E /* LaunchScreen.storyboard in Resources */ = {isa = PBXBuildFile; fileRef = AD024B662B7F430C00785B6E /* LaunchScreen.storyboard */; };
		AD024B732B7F430C00785B6E /* WeatherAPPTests.swift in Sources */ = {isa = PBXBuildFile; fileRef = AD024B722B7F430C00785B6E /* WeatherAPPTests.swift */; };
		AD024B7D2B7F430C00785B6E /* WeatherAPPUITests.swift in Sources */ = {isa = PBXBuildFile; fileRef = AD024B7C2B7F430C00785B6E /* WeatherAPPUITests.swift */; };
		AD024B7F2B7F430C00785B6E /* WeatherAPPUITestsLaunchTests.swift in Sources */ = {isa = PBXBuildFile; fileRef = AD024B7E2B7F430C00785B6E /* WeatherAPPUITestsLaunchTests.swift */; };
		ADC6AF812C08695A00AA864C /* WeatherItemCell.swift in Sources */ = {isa = PBXBuildFile; fileRef = ADC6AF802C08695A00AA864C /* WeatherItemCell.swift */; };
/* End PBXBuildFile section */

/* Begin PBXContainerItemProxy section */
		AD024B6F2B7F430C00785B6E /* PBXContainerItemProxy */ = {
			isa = PBXContainerItemProxy;
			containerPortal = AD024B502B7F430B00785B6E /* Project object */;
			proxyType = 1;
			remoteGlobalIDString = AD024B572B7F430B00785B6E;
			remoteInfo = WeatherAPP;
		};
		AD024B792B7F430C00785B6E /* PBXContainerItemProxy */ = {
			isa = PBXContainerItemProxy;
			containerPortal = AD024B502B7F430B00785B6E /* Project object */;
			proxyType = 1;
			remoteGlobalIDString = AD024B572B7F430B00785B6E;
			remoteInfo = WeatherAPP;
		};
/* End PBXContainerItemProxy section */

/* Begin PBXFileReference section */
		AD024B582B7F430B00785B6E /* WeatherAPP.app */ = {isa = PBXFileReference; explicitFileType = wrapper.application; includeInIndex = 0; path = WeatherAPP.app; sourceTree = BUILT_PRODUCTS_DIR; };
		AD024B5B2B7F430B00785B6E /* AppDelegate.swift */ = {isa = PBXFileReference; lastKnownFileType = sourcecode.swift; path = AppDelegate.swift; sourceTree = "<group>"; };
		AD024B5D2B7F430B00785B6E /* SceneDelegate.swift */ = {isa = PBXFileReference; lastKnownFileType = sourcecode.swift; path = SceneDelegate.swift; sourceTree = "<group>"; };
		AD024B5F2B7F430B00785B6E /* MainScreenViewController.swift */ = {isa = PBXFileReference; lastKnownFileType = sourcecode.swift; path = MainScreenViewController.swift; sourceTree = "<group>"; };
		AD024B642B7F430C00785B6E /* Assets.xcassets */ = {isa = PBXFileReference; lastKnownFileType = folder.assetcatalog; path = Assets.xcassets; sourceTree = "<group>"; };
		AD024B672B7F430C00785B6E /* Base */ = {isa = PBXFileReference; lastKnownFileType = file.storyboard; name = Base; path = Base.lproj/LaunchScreen.storyboard; sourceTree = "<group>"; };
		AD024B692B7F430C00785B6E /* Info.plist */ = {isa = PBXFileReference; lastKnownFileType = text.plist.xml; path = Info.plist; sourceTree = "<group>"; };
		AD024B6E2B7F430C00785B6E /* WeatherAPPTests.xctest */ = {isa = PBXFileReference; explicitFileType = wrapper.cfbundle; includeInIndex = 0; path = WeatherAPPTests.xctest; sourceTree = BUILT_PRODUCTS_DIR; };
		AD024B722B7F430C00785B6E /* WeatherAPPTests.swift */ = {isa = PBXFileReference; lastKnownFileType = sourcecode.swift; path = WeatherAPPTests.swift; sourceTree = "<group>"; };
		AD024B782B7F430C00785B6E /* WeatherAPPUITests.xctest */ = {isa = PBXFileReference; explicitFileType = wrapper.cfbundle; includeInIndex = 0; path = WeatherAPPUITests.xctest; sourceTree = BUILT_PRODUCTS_DIR; };
		AD024B7C2B7F430C00785B6E /* WeatherAPPUITests.swift */ = {isa = PBXFileReference; lastKnownFileType = sourcecode.swift; path = WeatherAPPUITests.swift; sourceTree = "<group>"; };
		AD024B7E2B7F430C00785B6E /* WeatherAPPUITestsLaunchTests.swift */ = {isa = PBXFileReference; lastKnownFileType = sourcecode.swift; path = WeatherAPPUITestsLaunchTests.swift; sourceTree = "<group>"; };
		ADC6AF802C08695A00AA864C /* WeatherItemCell.swift */ = {isa = PBXFileReference; lastKnownFileType = sourcecode.swift; path = WeatherItemCell.swift; sourceTree = "<group>"; };
/* End PBXFileReference section */

/* Begin PBXFrameworksBuildPhase section */
		AD024B552B7F430B00785B6E /* Frameworks */ = {
			isa = PBXFrameworksBuildPhase;
			buildActionMask = 2147483647;
			files = (
			);
			runOnlyForDeploymentPostprocessing = 0;
		};
		AD024B6B2B7F430C00785B6E /* Frameworks */ = {
			isa = PBXFrameworksBuildPhase;
			buildActionMask = 2147483647;
			files = (
			);
			runOnlyForDeploymentPostprocessing = 0;
		};
		AD024B752B7F430C00785B6E /* Frameworks */ = {
			isa = PBXFrameworksBuildPhase;
			buildActionMask = 2147483647;
			files = (
			);
			runOnlyForDeploymentPostprocessing = 0;
		};
/* End PBXFrameworksBuildPhase section */

/* Begin PBXGroup section */
		AD024B4F2B7F430B00785B6E = {
			isa = PBXGroup;
			children = (
				AD024B5A2B7F430B00785B6E /* WeatherAPP */,
				AD024B712B7F430C00785B6E /* WeatherAPPTests */,
				AD024B7B2B7F430C00785B6E /* WeatherAPPUITests */,
				AD024B592B7F430B00785B6E /* Products */,
			);
			sourceTree = "<group>";
		};
		AD024B592B7F430B00785B6E /* Products */ = {
			isa = PBXGroup;
			children = (
				AD024B582B7F430B00785B6E /* WeatherAPP.app */,
				AD024B6E2B7F430C00785B6E /* WeatherAPPTests.xctest */,
				AD024B782B7F430C00785B6E /* WeatherAPPUITests.xctest */,
			);
			name = Products;
			sourceTree = "<group>";
		};
		AD024B5A2B7F430B00785B6E /* WeatherAPP */ = {
			isa = PBXGroup;
			children = (
				ADC6AF7E2C08693900AA864C /* MainScreen */,
				AD024B5B2B7F430B00785B6E /* AppDelegate.swift */,
				AD024B5D2B7F430B00785B6E /* SceneDelegate.swift */,
				AD024B642B7F430C00785B6E /* Assets.xcassets */,
				AD024B662B7F430C00785B6E /* LaunchScreen.storyboard */,
				AD024B692B7F430C00785B6E /* Info.plist */,
			);
			path = WeatherAPP;
			sourceTree = "<group>";
		};
		AD024B712B7F430C00785B6E /* WeatherAPPTests */ = {
			isa = PBXGroup;
			children = (
				AD024B722B7F430C00785B6E /* WeatherAPPTests.swift */,
			);
			path = WeatherAPPTests;
			sourceTree = "<group>";
		};
		AD024B7B2B7F430C00785B6E /* WeatherAPPUITests */ = {
			isa = PBXGroup;
			children = (
				AD024B7C2B7F430C00785B6E /* WeatherAPPUITests.swift */,
				AD024B7E2B7F430C00785B6E /* WeatherAPPUITestsLaunchTests.swift */,
			);
			path = WeatherAPPUITests;
			sourceTree = "<group>";
		};
		ADC6AF7E2C08693900AA864C /* MainScreen */ = {
			isa = PBXGroup;
			children = (
				ADC6AF7F2C08694400AA864C /* Subviews */,
				AD024B5F2B7F430B00785B6E /* MainScreenViewController.swift */,
			);
			path = MainScreen;
			sourceTree = "<group>";
		};
		ADC6AF7F2C08694400AA864C /* Subviews */ = {
			isa = PBXGroup;
			children = (
				ADC6AF802C08695A00AA864C /* WeatherItemCell.swift */,
			);
			path = Subviews;
			sourceTree = "<group>";
		};
/* End PBXGroup section */

/* Begin PBXNativeTarget section */
		AD024B572B7F430B00785B6E /* WeatherAPP */ = {
			isa = PBXNativeTarget;
			buildConfigurationList = AD024B822B7F430C00785B6E /* Build configuration list for PBXNativeTarget "WeatherAPP" */;
			buildPhases = (
				AD024B542B7F430B00785B6E /* Sources */,
				AD024B552B7F430B00785B6E /* Frameworks */,
				AD024B562B7F430B00785B6E /* Resources */,
			);
			buildRules = (
			);
			dependencies = (
			);
			name = WeatherAPP;
			productName = WeatherAPP;
			productReference = AD024B582B7F430B00785B6E /* WeatherAPP.app */;
			productType = "com.apple.product-type.application";
		};
		AD024B6D2B7F430C00785B6E /* WeatherAPPTests */ = {
			isa = PBXNativeTarget;
			buildConfigurationList = AD024B852B7F430C00785B6E /* Build configuration list for PBXNativeTarget "WeatherAPPTests" */;
			buildPhases = (
				AD024B6A2B7F430C00785B6E /* Sources */,
				AD024B6B2B7F430C00785B6E /* Frameworks */,
				AD024B6C2B7F430C00785B6E /* Resources */,
			);
			buildRules = (
			);
			dependencies = (
				AD024B702B7F430C00785B6E /* PBXTargetDependency */,
			);
			name = WeatherAPPTests;
			productName = WeatherAPPTests;
			productReference = AD024B6E2B7F430C00785B6E /* WeatherAPPTests.xctest */;
			productType = "com.apple.product-type.bundle.unit-test";
		};
		AD024B772B7F430C00785B6E /* WeatherAPPUITests */ = {
			isa = PBXNativeTarget;
			buildConfigurationList = AD024B882B7F430C00785B6E /* Build configuration list for PBXNativeTarget "WeatherAPPUITests" */;
			buildPhases = (
				AD024B742B7F430C00785B6E /* Sources */,
				AD024B752B7F430C00785B6E /* Frameworks */,
				AD024B762B7F430C00785B6E /* Resources */,
			);
			buildRules = (
			);
			dependencies = (
				AD024B7A2B7F430C00785B6E /* PBXTargetDependency */,
			);
			name = WeatherAPPUITests;
			productName = WeatherAPPUITests;
			productReference = AD024B782B7F430C00785B6E /* WeatherAPPUITests.xctest */;
			productType = "com.apple.product-type.bundle.ui-testing";
		};
/* End PBXNativeTarget section */

/* Begin PBXProject section */
		AD024B502B7F430B00785B6E /* Project object */ = {
			isa = PBXProject;
			attributes = {
				BuildIndependentTargetsInParallel = 1;
				LastSwiftUpdateCheck = 1500;
				LastUpgradeCheck = 1500;
				TargetAttributes = {
					AD024B572B7F430B00785B6E = {
						CreatedOnToolsVersion = 15.0.1;
					};
					AD024B6D2B7F430C00785B6E = {
						CreatedOnToolsVersion = 15.0.1;
						TestTargetID = AD024B572B7F430B00785B6E;
					};
					AD024B772B7F430C00785B6E = {
						CreatedOnToolsVersion = 15.0.1;
						TestTargetID = AD024B572B7F430B00785B6E;
					};
				};
			};
			buildConfigurationList = AD024B532B7F430B00785B6E /* Build configuration list for PBXProject "WeatherAPP" */;
			compatibilityVersion = "Xcode 14.0";
			developmentRegion = en;
			hasScannedForEncodings = 0;
			knownRegions = (
				en,
				Base,
			);
			mainGroup = AD024B4F2B7F430B00785B6E;
			productRefGroup = AD024B592B7F430B00785B6E /* Products */;
			projectDirPath = "";
			projectRoot = "";
			targets = (
				AD024B572B7F430B00785B6E /* WeatherAPP */,
				AD024B6D2B7F430C00785B6E /* WeatherAPPTests */,
				AD024B772B7F430C00785B6E /* WeatherAPPUITests */,
			);
		};
/* End PBXProject section */

/* Begin PBXResourcesBuildPhase section */
		AD024B562B7F430B00785B6E /* Resources */ = {
			isa = PBXResourcesBuildPhase;
			buildActionMask = 2147483647;
			files = (
				AD024B682B7F430C00785B6E /* LaunchScreen.storyboard in Resources */,
				AD024B652B7F430C00785B6E /* Assets.xcassets in Resources */,
			);
			runOnlyForDeploymentPostprocessing = 0;
		};
		AD024B6C2B7F430C00785B6E /* Resources */ = {
			isa = PBXResourcesBuildPhase;
			buildActionMask = 2147483647;
			files = (
			);
			runOnlyForDeploymentPostprocessing = 0;
		};
		AD024B762B7F430C00785B6E /* Resources */ = {
			isa = PBXResourcesBuildPhase;
			buildActionMask = 2147483647;
			files = (
			);
			runOnlyForDeploymentPostprocessing = 0;
		};
/* End PBXResourcesBuildPhase section */

/* Begin PBXSourcesBuildPhase section */
		AD024B542B7F430B00785B6E /* Sources */ = {
			isa = PBXSourcesBuildPhase;
			buildActionMask = 2147483647;
			files = (
				AD024B602B7F430B00785B6E /* MainScreenViewController.swift in Sources */,
				AD024B5C2B7F430B00785B6E /* AppDelegate.swift in Sources */,
				AD024B5E2B7F430B00785B6E /* SceneDelegate.swift in Sources */,
				ADC6AF812C08695A00AA864C /* WeatherItemCell.swift in Sources */,
			);
			runOnlyForDeploymentPostprocessing = 0;
		};
		AD024B6A2B7F430C00785B6E /* Sources */ = {
			isa = PBXSourcesBuildPhase;
			buildActionMask = 2147483647;
			files = (
				AD024B732B7F430C00785B6E /* WeatherAPPTests.swift in Sources */,
			);
			runOnlyForDeploymentPostprocessing = 0;
		};
		AD024B742B7F430C00785B6E /* Sources */ = {
			isa = PBXSourcesBuildPhase;
			buildActionMask = 2147483647;
			files = (
				AD024B7D2B7F430C00785B6E /* WeatherAPPUITests.swift in Sources */,
				AD024B7F2B7F430C00785B6E /* WeatherAPPUITestsLaunchTests.swift in Sources */,
			);
			runOnlyForDeploymentPostprocessing = 0;
		};
/* End PBXSourcesBuildPhase section */

/* Begin PBXTargetDependency section */
		AD024B702B7F430C00785B6E /* PBXTargetDependency */ = {
			isa = PBXTargetDependency;
			target = AD024B572B7F430B00785B6E /* WeatherAPP */;
			targetProxy = AD024B6F2B7F430C00785B6E /* PBXContainerItemProxy */;
		};
		AD024B7A2B7F430C00785B6E /* PBXTargetDependency */ = {
			isa = PBXTargetDependency;
			target = AD024B572B7F430B00785B6E /* WeatherAPP */;
			targetProxy = AD024B792B7F430C00785B6E /* PBXContainerItemProxy */;
		};
/* End PBXTargetDependency section */

/* Begin PBXVariantGroup section */
		AD024B662B7F430C00785B6E /* LaunchScreen.storyboard */ = {
			isa = PBXVariantGroup;
			children = (
				AD024B672B7F430C00785B6E /* Base */,
			);
			name = LaunchScreen.storyboard;
			sourceTree = "<group>";
		};
/* End PBXVariantGroup section */

/* Begin XCBuildConfiguration section */
		AD024B802B7F430C00785B6E /* Debug */ = {
			isa = XCBuildConfiguration;
			buildSettings = {
				ALWAYS_SEARCH_USER_PATHS = NO;
				ASSETCATALOG_COMPILER_GENERATE_SWIFT_ASSET_SYMBOL_EXTENSIONS = YES;
				CLANG_ANALYZER_NONNULL = YES;
				CLANG_ANALYZER_NUMBER_OBJECT_CONVERSION = YES_AGGRESSIVE;
				CLANG_CXX_LANGUAGE_STANDARD = "gnu++20";
				CLANG_ENABLE_MODULES = YES;
				CLANG_ENABLE_OBJC_ARC = YES;
				CLANG_ENABLE_OBJC_WEAK = YES;
				CLANG_WARN_BLOCK_CAPTURE_AUTORELEASING = YES;
				CLANG_WARN_BOOL_CONVERSION = YES;
				CLANG_WARN_COMMA = YES;
				CLANG_WARN_CONSTANT_CONVERSION = YES;
				CLANG_WARN_DEPRECATED_OBJC_IMPLEMENTATIONS = YES;
				CLANG_WARN_DIRECT_OBJC_ISA_USAGE = YES_ERROR;
				CLANG_WARN_DOCUMENTATION_COMMENTS = YES;
				CLANG_WARN_EMPTY_BODY = YES;
				CLANG_WARN_ENUM_CONVERSION = YES;
				CLANG_WARN_INFINITE_RECURSION = YES;
				CLANG_WARN_INT_CONVERSION = YES;
				CLANG_WARN_NON_LITERAL_NULL_CONVERSION = YES;
				CLANG_WARN_OBJC_IMPLICIT_RETAIN_SELF = YES;
				CLANG_WARN_OBJC_LITERAL_CONVERSION = YES;
				CLANG_WARN_OBJC_ROOT_CLASS = YES_ERROR;
				CLANG_WARN_QUOTED_INCLUDE_IN_FRAMEWORK_HEADER = YES;
				CLANG_WARN_RANGE_LOOP_ANALYSIS = YES;
				CLANG_WARN_STRICT_PROTOTYPES = YES;
				CLANG_WARN_SUSPICIOUS_MOVE = YES;
				CLANG_WARN_UNGUARDED_AVAILABILITY = YES_AGGRESSIVE;
				CLANG_WARN_UNREACHABLE_CODE = YES;
				CLANG_WARN__DUPLICATE_METHOD_MATCH = YES;
				COPY_PHASE_STRIP = NO;
				DEBUG_INFORMATION_FORMAT = dwarf;
				ENABLE_STRICT_OBJC_MSGSEND = YES;
				ENABLE_TESTABILITY = YES;
				ENABLE_USER_SCRIPT_SANDBOXING = YES;
				GCC_C_LANGUAGE_STANDARD = gnu17;
				GCC_DYNAMIC_NO_PIC = NO;
				GCC_NO_COMMON_BLOCKS = YES;
				GCC_OPTIMIZATION_LEVEL = 0;
				GCC_PREPROCESSOR_DEFINITIONS = (
					"DEBUG=1",
					"$(inherited)",
				);
				GCC_WARN_64_TO_32_BIT_CONVERSION = YES;
				GCC_WARN_ABOUT_RETURN_TYPE = YES_ERROR;
				GCC_WARN_UNDECLARED_SELECTOR = YES;
				GCC_WARN_UNINITIALIZED_AUTOS = YES_AGGRESSIVE;
				GCC_WARN_UNUSED_FUNCTION = YES;
				GCC_WARN_UNUSED_VARIABLE = YES;
				IPHONEOS_DEPLOYMENT_TARGET = 17.0;
				LOCALIZATION_PREFERS_STRING_CATALOGS = YES;
				MTL_ENABLE_DEBUG_INFO = INCLUDE_SOURCE;
				MTL_FAST_MATH = YES;
				ONLY_ACTIVE_ARCH = YES;
				SDKROOT = iphoneos;
				SWIFT_ACTIVE_COMPILATION_CONDITIONS = "DEBUG $(inherited)";
				SWIFT_OPTIMIZATION_LEVEL = "-Onone";
			};
			name = Debug;
		};
		AD024B812B7F430C00785B6E /* Release */ = {
			isa = XCBuildConfiguration;
			buildSettings = {
				ALWAYS_SEARCH_USER_PATHS = NO;
				ASSETCATALOG_COMPILER_GENERATE_SWIFT_ASSET_SYMBOL_EXTENSIONS = YES;
				CLANG_ANALYZER_NONNULL = YES;
				CLANG_ANALYZER_NUMBER_OBJECT_CONVERSION = YES_AGGRESSIVE;
				CLANG_CXX_LANGUAGE_STANDARD = "gnu++20";
				CLANG_ENABLE_MODULES = YES;
				CLANG_ENABLE_OBJC_ARC = YES;
				CLANG_ENABLE_OBJC_WEAK = YES;
				CLANG_WARN_BLOCK_CAPTURE_AUTORELEASING = YES;
				CLANG_WARN_BOOL_CONVERSION = YES;
				CLANG_WARN_COMMA = YES;
				CLANG_WARN_CONSTANT_CONVERSION = YES;
				CLANG_WARN_DEPRECATED_OBJC_IMPLEMENTATIONS = YES;
				CLANG_WARN_DIRECT_OBJC_ISA_USAGE = YES_ERROR;
				CLANG_WARN_DOCUMENTATION_COMMENTS = YES;
				CLANG_WARN_EMPTY_BODY = YES;
				CLANG_WARN_ENUM_CONVERSION = YES;
				CLANG_WARN_INFINITE_RECURSION = YES;
				CLANG_WARN_INT_CONVERSION = YES;
				CLANG_WARN_NON_LITERAL_NULL_CONVERSION = YES;
				CLANG_WARN_OBJC_IMPLICIT_RETAIN_SELF = YES;
				CLANG_WARN_OBJC_LITERAL_CONVERSION = YES;
				CLANG_WARN_OBJC_ROOT_CLASS = YES_ERROR;
				CLANG_WARN_QUOTED_INCLUDE_IN_FRAMEWORK_HEADER = YES;
				CLANG_WARN_RANGE_LOOP_ANALYSIS = YES;
				CLANG_WARN_STRICT_PROTOTYPES = YES;
				CLANG_WARN_SUSPICIOUS_MOVE = YES;
				CLANG_WARN_UNGUARDED_AVAILABILITY = YES_AGGRESSIVE;
				CLANG_WARN_UNREACHABLE_CODE = YES;
				CLANG_WARN__DUPLICATE_METHOD_MATCH = YES;
				COPY_PHASE_STRIP = NO;
				DEBUG_INFORMATION_FORMAT = "dwarf-with-dsym";
				ENABLE_NS_ASSERTIONS = NO;
				ENABLE_STRICT_OBJC_MSGSEND = YES;
				ENABLE_USER_SCRIPT_SANDBOXING = YES;
				GCC_C_LANGUAGE_STANDARD = gnu17;
				GCC_NO_COMMON_BLOCKS = YES;
				GCC_WARN_64_TO_32_BIT_CONVERSION = YES;
				GCC_WARN_ABOUT_RETURN_TYPE = YES_ERROR;
				GCC_WARN_UNDECLARED_SELECTOR = YES;
				GCC_WARN_UNINITIALIZED_AUTOS = YES_AGGRESSIVE;
				GCC_WARN_UNUSED_FUNCTION = YES;
				GCC_WARN_UNUSED_VARIABLE = YES;
				IPHONEOS_DEPLOYMENT_TARGET = 17.0;
				LOCALIZATION_PREFERS_STRING_CATALOGS = YES;
				MTL_ENABLE_DEBUG_INFO = NO;
				MTL_FAST_MATH = YES;
				SDKROOT = iphoneos;
				SWIFT_COMPILATION_MODE = wholemodule;
				VALIDATE_PRODUCT = YES;
			};
			name = Release;
		};
		AD024B832B7F430C00785B6E /* Debug */ = {
			isa = XCBuildConfiguration;
			buildSettings = {
				ASSETCATALOG_COMPILER_APPICON_NAME = AppIcon;
				ASSETCATALOG_COMPILER_GLOBAL_ACCENT_COLOR_NAME = AccentColor;
				CODE_SIGN_STYLE = Automatic;
				CURRENT_PROJECT_VERSION = 1;
				GENERATE_INFOPLIST_FILE = YES;
				INFOPLIST_FILE = WeatherAPP/Info.plist;
				INFOPLIST_KEY_UIApplicationSupportsIndirectInputEvents = YES;
				INFOPLIST_KEY_UILaunchStoryboardName = LaunchScreen;
				INFOPLIST_KEY_UISupportedInterfaceOrientations_iPad = "UIInterfaceOrientationPortrait UIInterfaceOrientationPortraitUpsideDown UIInterfaceOrientationLandscapeLeft UIInterfaceOrientationLandscapeRight";
				INFOPLIST_KEY_UISupportedInterfaceOrientations_iPhone = "UIInterfaceOrientationPortrait UIInterfaceOrientationLandscapeLeft UIInterfaceOrientationLandscapeRight";
				LD_RUNPATH_SEARCH_PATHS = (
					"$(inherited)",
					"@executable_path/Frameworks",
				);
				MARKETING_VERSION = 1.0;
				PRODUCT_BUNDLE_IDENTIFIER = com.weather.WeatherAPP;
				PRODUCT_NAME = "$(TARGET_NAME)";
				SWIFT_EMIT_LOC_STRINGS = YES;
				SWIFT_VERSION = 5.0;
				TARGETED_DEVICE_FAMILY = "1,2";
			};
			name = Debug;
		};
		AD024B842B7F430C00785B6E /* Release */ = {
			isa = XCBuildConfiguration;
			buildSettings = {
				ASSETCATALOG_COMPILER_APPICON_NAME = AppIcon;
				ASSETCATALOG_COMPILER_GLOBAL_ACCENT_COLOR_NAME = AccentColor;
				CODE_SIGN_STYLE = Automatic;
				CURRENT_PROJECT_VERSION = 1;
				GENERATE_INFOPLIST_FILE = YES;
				INFOPLIST_FILE = WeatherAPP/Info.plist;
				INFOPLIST_KEY_UIApplicationSupportsIndirectInputEvents = YES;
				INFOPLIST_KEY_UILaunchStoryboardName = LaunchScreen;
				INFOPLIST_KEY_UISupportedInterfaceOrientations_iPad = "UIInterfaceOrientationPortrait UIInterfaceOrientationPortraitUpsideDown UIInterfaceOrientationLandscapeLeft UIInterfaceOrientationLandscapeRight";
				INFOPLIST_KEY_UISupportedInterfaceOrientations_iPhone = "UIInterfaceOrientationPortrait UIInterfaceOrientationLandscapeLeft UIInterfaceOrientationLandscapeRight";
				LD_RUNPATH_SEARCH_PATHS = (
					"$(inherited)",
					"@executable_path/Frameworks",
				);
				MARKETING_VERSION = 1.0;
				PRODUCT_BUNDLE_IDENTIFIER = com.weather.WeatherAPP;
				PRODUCT_NAME = "$(TARGET_NAME)";
				SWIFT_EMIT_LOC_STRINGS = YES;
				SWIFT_VERSION = 5.0;
				TARGETED_DEVICE_FAMILY = "1,2";
			};
			name = Release;
		};
		AD024B862B7F430C00785B6E /* Debug */ = {
			isa = XCBuildConfiguration;
			buildSettings = {
				ALWAYS_EMBED_SWIFT_STANDARD_LIBRARIES = YES;
				BUNDLE_LOADER = "$(TEST_HOST)";
				CODE_SIGN_STYLE = Automatic;
				CURRENT_PROJECT_VERSION = 1;
				GENERATE_INFOPLIST_FILE = YES;
				IPHONEOS_DEPLOYMENT_TARGET = 17.0;
				MARKETING_VERSION = 1.0;
				PRODUCT_BUNDLE_IDENTIFIER = com.weather.WeatherAPPTests;
				PRODUCT_NAME = "$(TARGET_NAME)";
				SWIFT_EMIT_LOC_STRINGS = NO;
				SWIFT_VERSION = 5.0;
				TARGETED_DEVICE_FAMILY = "1,2";
				TEST_HOST = "$(BUILT_PRODUCTS_DIR)/WeatherAPP.app/$(BUNDLE_EXECUTABLE_FOLDER_PATH)/WeatherAPP";
			};
			name = Debug;
		};
		AD024B872B7F430C00785B6E /* Release */ = {
			isa = XCBuildConfiguration;
			buildSettings = {
				ALWAYS_EMBED_SWIFT_STANDARD_LIBRARIES = YES;
				BUNDLE_LOADER = "$(TEST_HOST)";
				CODE_SIGN_STYLE = Automatic;
				CURRENT_PROJECT_VERSION = 1;
				GENERATE_INFOPLIST_FILE = YES;
				IPHONEOS_DEPLOYMENT_TARGET = 17.0;
				MARKETING_VERSION = 1.0;
				PRODUCT_BUNDLE_IDENTIFIER = com.weather.WeatherAPPTests;
				PRODUCT_NAME = "$(TARGET_NAME)";
				SWIFT_EMIT_LOC_STRINGS = NO;
				SWIFT_VERSION = 5.0;
				TARGETED_DEVICE_FAMILY = "1,2";
				TEST_HOST = "$(BUILT_PRODUCTS_DIR)/WeatherAPP.app/$(BUNDLE_EXECUTABLE_FOLDER_PATH)/WeatherAPP";
			};
			name = Release;
		};
		AD024B892B7F430C00785B6E /* Debug */ = {
			isa = XCBuildConfiguration;
			buildSettings = {
				ALWAYS_EMBED_SWIFT_STANDARD_LIBRARIES = YES;
				CODE_SIGN_STYLE = Automatic;
				CURRENT_PROJECT_VERSION = 1;
				GENERATE_INFOPLIST_FILE = YES;
				MARKETING_VERSION = 1.0;
				PRODUCT_BUNDLE_IDENTIFIER = com.weather.WeatherAPPUITests;
				PRODUCT_NAME = "$(TARGET_NAME)";
				SWIFT_EMIT_LOC_STRINGS = NO;
				SWIFT_VERSION = 5.0;
				TARGETED_DEVICE_FAMILY = "1,2";
				TEST_TARGET_NAME = WeatherAPP;
			};
			name = Debug;
		};
		AD024B8A2B7F430C00785B6E /* Release */ = {
			isa = XCBuildConfiguration;
			buildSettings = {
				ALWAYS_EMBED_SWIFT_STANDARD_LIBRARIES = YES;
				CODE_SIGN_STYLE = Automatic;
				CURRENT_PROJECT_VERSION = 1;
				GENERATE_INFOPLIST_FILE = YES;
				MARKETING_VERSION = 1.0;
				PRODUCT_BUNDLE_IDENTIFIER = com.weather.WeatherAPPUITests;
				PRODUCT_NAME = "$(TARGET_NAME)";
				SWIFT_EMIT_LOC_STRINGS = NO;
				SWIFT_VERSION = 5.0;
				TARGETED_DEVICE_FAMILY = "1,2";
				TEST_TARGET_NAME = WeatherAPP;
			};
			name = Release;
		};
/* End XCBuildConfiguration section */

/* Begin XCConfigurationList section */
		AD024B532B7F430B00785B6E /* Build configuration list for PBXProject "WeatherAPP" */ = {
			isa = XCConfigurationList;
			buildConfigurations = (
				AD024B802B7F430C00785B6E /* Debug */,
				AD024B812B7F430C00785B6E /* Release */,
			);
			defaultConfigurationIsVisible = 0;
			defaultConfigurationName = Release;
		};
		AD024B822B7F430C00785B6E /* Build configuration list for PBXNativeTarget "WeatherAPP" */ = {
			isa = XCConfigurationList;
			buildConfigurations = (
				AD024B832B7F430C00785B6E /* Debug */,
				AD024B842B7F430C00785B6E /* Release */,
			);
			defaultConfigurationIsVisible = 0;
			defaultConfigurationName = Release;
		};
		AD024B852B7F430C00785B6E /* Build configuration list for PBXNativeTarget "WeatherAPPTests" */ = {
			isa = XCConfigurationList;
			buildConfigurations = (
				AD024B862B7F430C00785B6E /* Debug */,
				AD024B872B7F430C00785B6E /* Release */,
			);
			defaultConfigurationIsVisible = 0;
			defaultConfigurationName = Release;
		};
		AD024B882B7F430C00785B6E /* Build configuration list for PBXNativeTarget "WeatherAPPUITests" */ = {
			isa = XCConfigurationList;
			buildConfigurations = (
				AD024B892B7F430C00785B6E /* Debug */,
				AD024B8A2B7F430C00785B6E /* Release */,
			);
			defaultConfigurationIsVisible = 0;
			defaultConfigurationName = Release;
		};
/* End XCConfigurationList section */
	};
	rootObject = AD024B502B7F430B00785B6E /* Project object */;
}
